<?xml version="1.0" encoding="utf-8"?>
<Project ToolsVersion="4.0" xmlns="http://schemas.microsoft.com/developer/msbuild/2003">
  <ItemGroup>
    <Filter Include="Source Files">
      <UniqueIdentifier>{4FC737F1-C7A5-4376-A066-2A32D752A2FF}</UniqueIdentifier>
      <Extensions>cpp;c;cc;cxx;def;odl;idl;hpj;bat;asm;asmx</Extensions>
    </Filter>
    <Filter Include="Header Files">
      <UniqueIdentifier>{93995380-89BD-4b04-88EB-625FBE52EBFB}</UniqueIdentifier>
      <Extensions>h;hpp;hxx;hm;inl;inc;xsd</Extensions>
    </Filter>
    <Filter Include="Resource Files">
      <UniqueIdentifier>{67DA6AB6-F800-4c08-8B7A-83BB121AAD01}</UniqueIdentifier>
      <Extensions>rc;ico;cur;bmp;dlg;rc2;rct;bin;rgs;gif;jpg;jpeg;jpe;resx;tiff;tif;png;wav;mfcribbon-ms</Extensions>
    </Filter>
    <Filter Include="Header Files\Renderer">
      <UniqueIdentifier>{58d71994-622a-4e0a-8d6e-b295d6bae8f5}</UniqueIdentifier>
    </Filter>
    <Filter Include="Header Files\Modifier">
      <UniqueIdentifier>{0a01a4ee-540f-4e41-913b-6a9beae2f930}</UniqueIdentifier>
    </Filter>
    <Filter Include="Source Files\Modifier">
      <UniqueIdentifier>{c3c9dbf9-94c7-4ee6-b7fb-68bfabd0de09}</UniqueIdentifier>
    </Filter>
    <Filter Include="Source Files\Renderer">
      <UniqueIdentifier>{9a437103-2403-4dbe-95ac-2f326e3f1217}</UniqueIdentifier>
    </Filter>
    <Filter Include="Header Files\Modifier\Acceleration">
      <UniqueIdentifier>{b63e95fd-bfc0-4ff7-877a-07e5a18b0146}</UniqueIdentifier>
    </Filter>
    <Filter Include="Header Files\Modifier\Colour">
      <UniqueIdentifier>{19eac299-6c1f-4e63-a83c-eb39cbcd21e7}</UniqueIdentifier>
    </Filter>
    <Filter Include="Header Files\Modifier\Velocity">
      <UniqueIdentifier>{6c9e0599-5537-4b61-98cf-ee99029ba902}</UniqueIdentifier>
    </Filter>
    <Filter Include="Header Files\Modifier\Size">
      <UniqueIdentifier>{6aa4e172-e1f5-49fe-ab25-9b88b5478c39}</UniqueIdentifier>
    </Filter>
    <Filter Include="Header Files\Modifier\Position">
      <UniqueIdentifier>{fcda781a-fa70-4463-a275-0ec3ef426002}</UniqueIdentifier>
    </Filter>
    <Filter Include="Header Files\Modifier\Physics">
      <UniqueIdentifier>{2d619919-2626-4d4a-981e-8c34c2d115fa}</UniqueIdentifier>
    </Filter>
    <Filter Include="Header Files\Modifier\Life">
      <UniqueIdentifier>{159e5fb6-4a6a-4291-a767-7f54a1b825e9}</UniqueIdentifier>
    </Filter>
    <Filter Include="Header Files\Modifier\Rotation">
      <UniqueIdentifier>{21763fc3-9b00-4fdf-862c-141eb2d96abe}</UniqueIdentifier>
    </Filter>
    <Filter Include="Source Files\Modifier\Acceleration">
      <UniqueIdentifier>{233a86ae-2372-4a0d-874b-bcfdb5af651e}</UniqueIdentifier>
    </Filter>
    <Filter Include="Source Files\Modifier\Colour">
      <UniqueIdentifier>{6a9b615f-675d-4cd6-b1bf-ec1b9825c6cd}</UniqueIdentifier>
    </Filter>
    <Filter Include="Source Files\Modifier\Life">
      <UniqueIdentifier>{aa1bc1e3-346b-499e-8379-b398f1d1011b}</UniqueIdentifier>
    </Filter>
    <Filter Include="Source Files\Modifier\Rotation">
      <UniqueIdentifier>{9228f64c-1738-47c8-8ce3-7a7255f866b2}</UniqueIdentifier>
    </Filter>
    <Filter Include="Source Files\Modifier\Physics">
      <UniqueIdentifier>{98a41d86-e5ea-4fc2-83fa-4fc459661bf2}</UniqueIdentifier>
    </Filter>
    <Filter Include="Source Files\Modifier\Position">
      <UniqueIdentifier>{002aab0a-2178-4ed9-8ac2-e18ec07b09d2}</UniqueIdentifier>
    </Filter>
    <Filter Include="Source Files\Modifier\Size">
      <UniqueIdentifier>{15c30ae5-d1ad-4476-9d82-3f4b68f207d8}</UniqueIdentifier>
    </Filter>
    <Filter Include="Source Files\Modifier\Velocity">
      <UniqueIdentifier>{a5ff17ba-f39f-40c3-ae7a-9f545313eee3}</UniqueIdentifier>
    </Filter>
  </ItemGroup>
  <ItemGroup>
    <ClCompile Include="main.cpp">
      <Filter>Source Files</Filter>
    </ClCompile>
    <ClCompile Include="Particle.cpp">
      <Filter>Source Files</Filter>
    </ClCompile>
    <ClCompile Include="ParticleGroup.cpp">
      <Filter>Source Files</Filter>
    </ClCompile>
    <ClCompile Include="Point.cpp">
      <Filter>Source Files</Filter>
    </ClCompile>
    <ClCompile Include="Accelerator.cpp">
      <Filter>Source Files\Modifier\Acceleration</Filter>
    </ClCompile>
    <ClCompile Include="BasicRenderer.cpp">
      <Filter>Source Files\Renderer</Filter>
    </ClCompile>
    <ClCompile Include="BoundingBox.cpp">
      <Filter>Source Files\Modifier\Physics</Filter>
    </ClCompile>
    <ClCompile Include="Decayer.cpp">
      <Filter>Source Files\Modifier\Life</Filter>
    </ClCompile>
    <ClCompile Include="Expander.cpp">
      <Filter>Source Files\Modifier\Size</Filter>
    </ClCompile>
    <ClCompile Include="Fader.cpp">
      <Filter>Source Files\Modifier\Colour</Filter>
    </ClCompile>
    <ClCompile Include="Gravitron.cpp">
      <Filter>Source Files\Modifier\Acceleration</Filter>
    </ClCompile>
    <ClCompile Include="Inertia.cpp">
      <Filter>Source Files\Modifier\Physics</Filter>
    </ClCompile>
    <ClCompile Include="RandomAngle.cpp">
      <Filter>Source Files\Modifier\Rotation</Filter>
    </ClCompile>
    <ClCompile Include="RandomColor.cpp">
      <Filter>Source Files\Modifier\Colour</Filter>
    </ClCompile>
    <ClCompile Include="RandomExpansionRate.cpp">
      <Filter>Source Files\Modifier\Size</Filter>
    </ClCompile>
    <ClCompile Include="RandomLife.cpp">
      <Filter>Source Files\Modifier\Life</Filter>
    </ClCompile>
    <ClCompile Include="RandomPosition.cpp">
      <Filter>Source Files\Modifier\Position</Filter>
    </ClCompile>
    <ClCompile Include="RandomRotation.cpp">
      <Filter>Source Files\Modifier\Rotation</Filter>
    </ClCompile>
    <ClCompile Include="RandomSize.cpp">
      <Filter>Source Files\Modifier\Size</Filter>
    </ClCompile>
    <ClCompile Include="RandomVelocity.cpp">
      <Filter>Source Files\Modifier\Velocity</Filter>
    </ClCompile>
    <ClCompile Include="Sparkle.cpp">
      <Filter>Source Files\Modifier\Colour</Filter>
    </ClCompile>
    <ClCompile Include="SpriteRenderer.cpp">
      <Filter>Source Files\Renderer</Filter>
    </ClCompile>
    <ClCompile Include="TextRenderer.cpp">
      <Filter>Source Files\Renderer</Filter>
    </ClCompile>
    <ClCompile Include="VelocityRenderer.cpp">
      <Filter>Source Files\Renderer</Filter>
    </ClCompile>
    <ClCompile Include="Rotater.cpp">
      <Filter>Source Files\Modifier\Rotation</Filter>
    </ClCompile>
    <ClCompile Include="Mover.cpp">
      <Filter>Source Files\Modifier\Velocity</Filter>
    </ClCompile>
    <ClCompile Include="Utility.cpp">
      <Filter>Source Files</Filter>
    </ClCompile>
    <ClCompile Include="Semaphore.cpp">
      <Filter>Source Files</Filter>
    </ClCompile>
    <ClCompile Include="AnimatedSprite.cpp">
      <Filter>Source Files</Filter>
    </ClCompile>
    <ClCompile Include="Animation.cpp">
      <Filter>Source Files</Filter>
    </ClCompile>
    <ClCompile Include="SpriteAnimation.cpp">
      <Filter>Source Files</Filter>
    </ClCompile>
    <ClCompile Include="Application.cpp">
      <Filter>Source Files</Filter>
    </ClCompile>
    <ClCompile Include="ParticleManager.cpp">
      <Filter>Source Files</Filter>
    </ClCompile>
    <ClCompile Include="Activity.cpp">
      <Filter>Source Files</Filter>
    </ClCompile>
  </ItemGroup>
  <ItemGroup>
    <ClInclude Include="Constants.h">
      <Filter>Header Files</Filter>
    </ClInclude>
    <ClInclude Include="Particle.h">
      <Filter>Header Files</Filter>
    </ClInclude>
    <ClInclude Include="ParticleGroup.h">
      <Filter>Header Files</Filter>
    </ClInclude>
    <ClInclude Include="pEng.h">
      <Filter>Header Files</Filter>
    </ClInclude>
    <ClInclude Include="Point.h">
      <Filter>Header Files</Filter>
    </ClInclude>
    <ClInclude Include="Accelerator.h">
      <Filter>Header Files\Modifier\Acceleration</Filter>
    </ClInclude>
    <ClInclude Include="BasicRenderer.h">
      <Filter>Header Files\Renderer</Filter>
    </ClInclude>
    <ClInclude Include="BoundingBox.h">
      <Filter>Header Files\Modifier\Physics</Filter>
    </ClInclude>
    <ClInclude Include="Decayer.h">
      <Filter>Header Files\Modifier\Life</Filter>
    </ClInclude>
    <ClInclude Include="Expander.h">
      <Filter>Header Files\Modifier\Size</Filter>
    </ClInclude>
    <ClInclude Include="Fader.h">
      <Filter>Header Files\Modifier\Colour</Filter>
    </ClInclude>
    <ClInclude Include="Gravitron.h">
      <Filter>Header Files\Modifier\Acceleration</Filter>
    </ClInclude>
    <ClInclude Include="Inertia.h">
      <Filter>Header Files\Modifier\Physics</Filter>
    </ClInclude>
    <ClInclude Include="ParticleModifier.h">
      <Filter>Header Files\Modifier</Filter>
    </ClInclude>
    <ClInclude Include="ParticleRenderer.h">
      <Filter>Header Files\Renderer</Filter>
    </ClInclude>
    <ClInclude Include="RandomAngle.h">
      <Filter>Header Files\Modifier\Rotation</Filter>
    </ClInclude>
    <ClInclude Include="RandomColor.h">
      <Filter>Header Files\Modifier\Colour</Filter>
    </ClInclude>
    <ClInclude Include="RandomExpansionRate.h">
      <Filter>Header Files\Modifier\Size</Filter>
    </ClInclude>
    <ClInclude Include="RandomLife.h">
      <Filter>Header Files\Modifier\Life</Filter>
    </ClInclude>
    <ClInclude Include="RandomPosition.h">
      <Filter>Header Files\Modifier\Position</Filter>
    </ClInclude>
    <ClInclude Include="RandomRotation.h">
      <Filter>Header Files\Modifier\Rotation</Filter>
    </ClInclude>
    <ClInclude Include="RandomSize.h">
      <Filter>Header Files\Modifier\Size</Filter>
    </ClInclude>
    <ClInclude Include="RandomVelocity.h">
      <Filter>Header Files\Modifier\Velocity</Filter>
    </ClInclude>
    <ClInclude Include="Sparkle.h">
      <Filter>Header Files\Modifier\Colour</Filter>
    </ClInclude>
    <ClInclude Include="SpriteRenderer.h">
      <Filter>Header Files\Renderer</Filter>
    </ClInclude>
    <ClInclude Include="VelocityRenderer.h">
      <Filter>Header Files\Renderer</Filter>
    </ClInclude>
    <ClInclude Include="TextRenderer.h">
      <Filter>Header Files\Renderer</Filter>
    </ClInclude>
    <ClInclude Include="Rotater.h">
      <Filter>Header Files\Modifier\Rotation</Filter>
    </ClInclude>
    <ClInclude Include="Mover.h">
      <Filter>Header Files\Modifier\Velocity</Filter>
    </ClInclude>
    <ClInclude Include="Utility.h">
      <Filter>Header Files</Filter>
    </ClInclude>
    <ClInclude Include="Semaphore.h">
      <Filter>Header Files</Filter>
    </ClInclude>
    <ClInclude Include="AnimatedSprite.hpp">
      <Filter>Header Files</Filter>
    </ClInclude>
    <ClInclude Include="Animation.h">
      <Filter>Header Files</Filter>
    </ClInclude>
    <ClInclude Include="SpriteAnimation.hpp">
      <Filter>Header Files</Filter>
    </ClInclude>
    <ClInclude Include="ParticleManager.h">
      <Filter>Header Files</Filter>
    </ClInclude>
    <ClInclude Include="Application.h">
      <Filter>Header Files</Filter>
    </ClInclude>
    <ClInclude Include="Activity.h">
      <Filter>Header Files</Filter>
    </ClInclude>
  </ItemGroup>
</Project>